
Microsoft Visual Studio Solution File, Format Version 12.00
# Visual Studio Version 16
VisualStudioVersion = 16.0.29411.108
MinimumVisualStudioVersion = 10.0.40219.1
Project("{FAE04EC0-301F-11D3-BF4B-00C04F79EFBC}") = "Writing_Trustworthy_Tests2_11", "Writing_Trustworthy_Tests2_11\Writing_Trustworthy_Tests2_11.csproj", "{372CB039-5150-4044-8C91-E98395709B7B}"
EndProject
Project("{FAE04EC0-301F-11D3-BF4B-00C04F79EFBC}") = "MathUnitTests2_11", "MathUnitTests2_11\MathUnitTests2_11.csproj", "{8C50F6B3-447C-47A3-994E-4D26586F4547}"
EndProject
Global
	GlobalSection(SolutionConfigurationPlatforms) = preSolution
		Debug|Any CPU = Debug|Any CPU
		Release|Any CPU = Release|Any CPU
	EndGlobalSection
	GlobalSection(ProjectConfigurationPlatforms) = postSolution
		{372CB039-5150-4044-8C91-E98395709B7B}.Debug|Any CPU.ActiveCfg = Debug|Any CPU
		{372CB039-5150-4044-8C91-E98395709B7B}.Debug|Any CPU.Build.0 = Debug|Any CPU
		{372CB039-5150-4044-8C91-E98395709B7B}.Release|Any CPU.ActiveCfg = Release|Any CPU
		{372CB039-5150-4044-8C91-E98395709B7B}.Release|Any CPU.Build.0 = Release|Any CPU
		{8C50F6B3-447C-47A3-994E-4D26586F4547}.Debug|Any CPU.ActiveCfg = Debug|Any CPU
		{8C50F6B3-447C-47A3-994E-4D26586F4547}.Debug|Any CPU.Build.0 = Debug|Any CPU
		{8C50F6B3-447C-47A3-994E-4D26586F4547}.Release|Any CPU.ActiveCfg = Release|Any CPU
		{8C50F6B3-447C-47A3-994E-4D26586F4547}.Release|Any CPU.Build.0 = Release|Any CPU
	EndGlobalSection
	GlobalSection(SolutionProperties) = preSolution
		HideSolutionNode = FALSE
	EndGlobalSection
	GlobalSection(ExtensibilityGlobals) = postSolution
		SolutionGuid = {148D7C85-6CB9-413C-A489-B300AF613714}
	EndGlobalSection
EndGlobal
